
Microsoft Visual Studio Solution File, Format Version 12.00
# Visual Studio Version 17
VisualStudioVersion = 17.0.31903.59
MinimumVisualStudioVersion = 10.0.40219.1
Project("{FAE04EC0-301F-11D3-BF4B-00C04F79EFBC}") = "SolarCoffee.Data", "SolarCoffee.Data\SolarCoffee.Data.csproj", "{E42F3C95-6C75-4AB4-B478-1111D1E83361}"
EndProject
Project("{FAE04EC0-301F-11D3-BF4B-00C04F79EFBC}") = "SolarCoffee.Services", "SolarCoffee.Services\SolarCoffee.Services.csproj", "{A4F26A0E-AAC0-4EDE-AF1A-D8FFF57FD3B5}"
EndProject
Project("{FAE04EC0-301F-11D3-BF4B-00C04F79EFBC}") = "SolarCoffee.Test", "SolarCoffee.Test\SolarCoffee.Test.csproj", "{E1637129-7C95-4B81-AC8C-EE24FF444F21}"
EndProject
Project("{FAE04EC0-301F-11D3-BF4B-00C04F79EFBC}") = "SolarCoffee.Web", "SolarCoffee.Web\SolarCoffee.Web.csproj", "{BF26AEFB-5798-4440-8C5B-9A0D62A5FA06}"
EndProject
Global
	GlobalSection(SolutionConfigurationPlatforms) = preSolution
		Debug|Any CPU = Debug|Any CPU
		Release|Any CPU = Release|Any CPU
	EndGlobalSection
	GlobalSection(SolutionProperties) = preSolution
		HideSolutionNode = FALSE
	EndGlobalSection
	GlobalSection(ProjectConfigurationPlatforms) = postSolution
		{E42F3C95-6C75-4AB4-B478-1111D1E83361}.Debug|Any CPU.ActiveCfg = Debug|Any CPU
		{E42F3C95-6C75-4AB4-B478-1111D1E83361}.Debug|Any CPU.Build.0 = Debug|Any CPU
		{E42F3C95-6C75-4AB4-B478-1111D1E83361}.Release|Any CPU.ActiveCfg = Release|Any CPU
		{E42F3C95-6C75-4AB4-B478-1111D1E83361}.Release|Any CPU.Build.0 = Release|Any CPU
		{A4F26A0E-AAC0-4EDE-AF1A-D8FFF57FD3B5}.Debug|Any CPU.ActiveCfg = Debug|Any CPU
		{A4F26A0E-AAC0-4EDE-AF1A-D8FFF57FD3B5}.Debug|Any CPU.Build.0 = Debug|Any CPU
		{A4F26A0E-AAC0-4EDE-AF1A-D8FFF57FD3B5}.Release|Any CPU.ActiveCfg = Release|Any CPU
		{A4F26A0E-AAC0-4EDE-AF1A-D8FFF57FD3B5}.Release|Any CPU.Build.0 = Release|Any CPU
		{E1637129-7C95-4B81-AC8C-EE24FF444F21}.Debug|Any CPU.ActiveCfg = Debug|Any CPU
		{E1637129-7C95-4B81-AC8C-EE24FF444F21}.Debug|Any CPU.Build.0 = Debug|Any CPU
		{E1637129-7C95-4B81-AC8C-EE24FF444F21}.Release|Any CPU.ActiveCfg = Release|Any CPU
		{E1637129-7C95-4B81-AC8C-EE24FF444F21}.Release|Any CPU.Build.0 = Release|Any CPU
		{BF26AEFB-5798-4440-8C5B-9A0D62A5FA06}.Debug|Any CPU.ActiveCfg = Debug|Any CPU
		{BF26AEFB-5798-4440-8C5B-9A0D62A5FA06}.Debug|Any CPU.Build.0 = Debug|Any CPU
		{BF26AEFB-5798-4440-8C5B-9A0D62A5FA06}.Release|Any CPU.ActiveCfg = Release|Any CPU
		{BF26AEFB-5798-4440-8C5B-9A0D62A5FA06}.Release|Any CPU.Build.0 = Release|Any CPU
	EndGlobalSection
EndGlobal
