
Microsoft Visual Studio Solution File, Format Version 12.00
# Visual Studio Version 17
VisualStudioVersion = 17.0.31903.59
MinimumVisualStudioVersion = 10.0.40219.1
Project("{9A19103F-16F7-4668-BE54-9A1E7A4F7556}") = "SolarCoffee.Data", "SolarCoffee.Data\SolarCoffee.Data.csproj", "{E42F3C95-6C75-4AB4-B478-1111D1E83361}"
EndProject
Project("{9A19103F-16F7-4668-BE54-9A1E7A4F7556}") = "SolarCoffee.Services", "SolarCoffee.Services\SolarCoffee.Services.csproj", "{A4F26A0E-AAC0-4EDE-AF1A-D8FFF57FD3B5}"
EndProject
Project("{9A19103F-16F7-4668-BE54-9A1E7A4F7556}") = "SolarCoffee.Test", "SolarCoffee.Test\SolarCoffee.Test.csproj", "{E1637129-7C95-4B81-AC8C-EE24FF444F21}"
EndProject
Project("{9A19103F-16F7-4668-BE54-9A1E7A4F7556}") = "SolarCoffee.Web", "SolarCoffee.Web\SolarCoffee.Web.csproj", "{BF26AEFB-5798-4440-8C5B-9A0D62A5FA06}"
EndProject
Project("{2150E333-8FDC-42A3-9474-1A3956D46DE8}") = "Solution Items", "Solution Items", "{1882997F-812A-423F-98BF-4333474ED3C7}"
	ProjectSection(SolutionItems) = preProject
		docker-compose.yml = docker-compose.yml
	EndProjectSection
EndProject
Global
	GlobalSection(SolutionConfigurationPlatforms) = preSolution
		Debug|Any CPU = Debug|Any CPU
		Release|Any CPU = Release|Any CPU
	EndGlobalSection
	GlobalSection(ProjectConfigurationPlatforms) = postSolution
		{E42F3C95-6C75-4AB4-B478-1111D1E83361}.Debug|Any CPU.ActiveCfg = Debug|Any CPU
		{E42F3C95-6C75-4AB4-B478-1111D1E83361}.Debug|Any CPU.Build.0 = Debug|Any CPU
		{E42F3C95-6C75-4AB4-B478-1111D1E83361}.Release|Any CPU.ActiveCfg = Release|Any CPU
		{E42F3C95-6C75-4AB4-B478-1111D1E83361}.Release|Any CPU.Build.0 = Release|Any CPU
		{A4F26A0E-AAC0-4EDE-AF1A-D8FFF57FD3B5}.Debug|Any CPU.ActiveCfg = Debug|Any CPU
		{A4F26A0E-AAC0-4EDE-AF1A-D8FFF57FD3B5}.Debug|Any CPU.Build.0 = Debug|Any CPU
		{A4F26A0E-AAC0-4EDE-AF1A-D8FFF57FD3B5}.Release|Any CPU.ActiveCfg = Release|Any CPU
		{A4F26A0E-AAC0-4EDE-AF1A-D8FFF57FD3B5}.Release|Any CPU.Build.0 = Release|Any CPU
		{E1637129-7C95-4B81-AC8C-EE24FF444F21}.Debug|Any CPU.ActiveCfg = Debug|Any CPU
		{E1637129-7C95-4B81-AC8C-EE24FF444F21}.Debug|Any CPU.Build.0 = Debug|Any CPU
		{E1637129-7C95-4B81-AC8C-EE24FF444F21}.Release|Any CPU.ActiveCfg = Release|Any CPU
		{E1637129-7C95-4B81-AC8C-EE24FF444F21}.Release|Any CPU.Build.0 = Release|Any CPU
		{BF26AEFB-5798-4440-8C5B-9A0D62A5FA06}.Debug|Any CPU.ActiveCfg = Debug|Any CPU
		{BF26AEFB-5798-4440-8C5B-9A0D62A5FA06}.Debug|Any CPU.Build.0 = Debug|Any CPU
		{BF26AEFB-5798-4440-8C5B-9A0D62A5FA06}.Release|Any CPU.ActiveCfg = Release|Any CPU
		{BF26AEFB-5798-4440-8C5B-9A0D62A5FA06}.Release|Any CPU.Build.0 = Release|Any CPU
	EndGlobalSection
	GlobalSection(SolutionProperties) = preSolution
		HideSolutionNode = FALSE
	EndGlobalSection
	GlobalSection(ExtensibilityGlobals) = postSolution
		SolutionGuid = {730F0C54-5F0C-42AD-B37E-895383A27D4C}
	EndGlobalSection
EndGlobal
